{
  "originHash" : "019163059fcd4b6958ce8773a38322d9fa799d6ce82e3e12d60f5b2118df6d24",
  "pins" : [
    {
      "identity" : "plaid-link-ios",
      "kind" : "remoteSourceControl",
      "location" : "https://github.com/plaid/plaid-link-ios.git",
      "state" : {
        "revision" : "0b283e965b60b911744f662e8e203ae0f3de37ea",
        "version" : "6.4.3"
      }
    }
  ],
  "version" : 3
}
